// !$*UTF8*$!
{
	archiveVersion = 1;
	classes = {
	};
	objectVersion = 52;
	objects = {

/* Begin PBXBuildFile section */
		492B5EDB2144D7A90034A82D /* AppDelegate.swift in Sources */ = {isa = PBXBuildFile; fileRef = 492B5EDA2144D7A90034A82D /* AppDelegate.swift */; };
		492B5EDD2144D7A90034A82D /* PlayPokerViewController.swift in Sources */ = {isa = PBXBuildFile; fileRef = 492B5EDC2144D7A90034A82D /* PlayPokerViewController.swift */; };
		492B5EE02144D7A90034A82D /* Main.storyboard in Resources */ = {isa = PBXBuildFile; fileRef = 492B5EDE2144D7A90034A82D /* Main.storyboard */; };
		492B5EE22144D7AB0034A82D /* Assets.xcassets in Resources */ = {isa = PBXBuildFile; fileRef = 492B5EE12144D7AB0034A82D /* Assets.xcassets */; };
		492B5EE52144D7AB0034A82D /* LaunchScreen.storyboard in Resources */ = {isa = PBXBuildFile; fileRef = 492B5EE32144D7AB0034A82D /* LaunchScreen.storyboard */; };
		492B5EF02144D7AB0034A82D /* cardDeckTests.swift in Sources */ = {isa = PBXBuildFile; fileRef = 492B5EEF2144D7AB0034A82D /* cardDeckTests.swift */; };
		492B5EFB2144D7C70034A82D /* Deck.swift in Sources */ = {isa = PBXBuildFile; fileRef = 492B5EFA2144D7C70034A82D /* Deck.swift */; };
		492B5EFD2144D8AC0034A82D /* Poker.swift in Sources */ = {isa = PBXBuildFile; fileRef = 492B5EFC2144D8AC0034A82D /* Poker.swift */; };
		4964A59A234958F300BB2A27 /* PokerTabBarController.swift in Sources */ = {isa = PBXBuildFile; fileRef = 4964A599234958F300BB2A27 /* PokerTabBarController.swift */; };
		4964A59B234A555C00BB2A27 /* Deck.swift in Sources */ = {isa = PBXBuildFile; fileRef = 492B5EFA2144D7C70034A82D /* Deck.swift */; };
		4964A59C234A556000BB2A27 /* Poker.swift in Sources */ = {isa = PBXBuildFile; fileRef = 492B5EFC2144D8AC0034A82D /* Poker.swift */; };
		4964A59D234A556400BB2A27 /* Poker+HandRanking.swift in Sources */ = {isa = PBXBuildFile; fileRef = 497641342347907700E22631 /* Poker+HandRanking.swift */; };
		497641352347907700E22631 /* Poker+HandRanking.swift in Sources */ = {isa = PBXBuildFile; fileRef = 497641342347907700E22631 /* Poker+HandRanking.swift */; };
		497641382349469700E22631 /* StatsViewController.swift in Sources */ = {isa = PBXBuildFile; fileRef = 497641372349469700E22631 /* StatsViewController.swift */; };
		497641392349469700E22631 /* StatsViewController.swift in Sources */ = {isa = PBXBuildFile; fileRef = 497641372349469700E22631 /* StatsViewController.swift */; };
		49C865372145979B00EC5CAA /* cardPokerTests.swift in Sources */ = {isa = PBXBuildFile; fileRef = 49C865362145979B00EC5CAA /* cardPokerTests.swift */; };
/* End PBXBuildFile section */

/* Begin PBXContainerItemProxy section */
		492B5EEC2144D7AB0034A82D /* PBXContainerItemProxy */ = {
			isa = PBXContainerItemProxy;
			containerPortal = 492B5ECF2144D7A90034A82D /* Project object */;
			proxyType = 1;
			remoteGlobalIDString = 492B5ED62144D7A90034A82D;
			remoteInfo = cardDeck;
		};
/* End PBXContainerItemProxy section */

/* Begin PBXFileReference section */
		492B5ED72144D7A90034A82D /* cardDeck.app */ = {isa = PBXFileReference; explicitFileType = wrapper.application; includeInIndex = 0; path = cardDeck.app; sourceTree = BUILT_PRODUCTS_DIR; };
		492B5EDA2144D7A90034A82D /* AppDelegate.swift */ = {isa = PBXFileReference; lastKnownFileType = sourcecode.swift; path = AppDelegate.swift; sourceTree = "<group>"; };
		492B5EDC2144D7A90034A82D /* PlayPokerViewController.swift */ = {isa = PBXFileReference; lastKnownFileType = sourcecode.swift; path = PlayPokerViewController.swift; sourceTree = "<group>"; };
		492B5EDF2144D7A90034A82D /* Base */ = {isa = PBXFileReference; lastKnownFileType = file.storyboard; name = Base; path = Base.lproj/Main.storyboard; sourceTree = "<group>"; };
		492B5EE12144D7AB0034A82D /* Assets.xcassets */ = {isa = PBXFileReference; lastKnownFileType = folder.assetcatalog; path = Assets.xcassets; sourceTree = "<group>"; };
		492B5EE42144D7AB0034A82D /* Base */ = {isa = PBXFileReference; lastKnownFileType = file.storyboard; name = Base; path = Base.lproj/LaunchScreen.storyboard; sourceTree = "<group>"; };
		492B5EE62144D7AB0034A82D /* Info.plist */ = {isa = PBXFileReference; lastKnownFileType = text.plist.xml; path = Info.plist; sourceTree = "<group>"; };
		492B5EEB2144D7AB0034A82D /* cardDeckTests.xctest */ = {isa = PBXFileReference; explicitFileType = wrapper.cfbundle; includeInIndex = 0; path = cardDeckTests.xctest; sourceTree = BUILT_PRODUCTS_DIR; };
		492B5EEF2144D7AB0034A82D /* cardDeckTests.swift */ = {isa = PBXFileReference; lastKnownFileType = sourcecode.swift; path = cardDeckTests.swift; sourceTree = "<group>"; };
		492B5EF12144D7AB0034A82D /* Info.plist */ = {isa = PBXFileReference; lastKnownFileType = text.plist.xml; path = Info.plist; sourceTree = "<group>"; };
		492B5EFA2144D7C70034A82D /* Deck.swift */ = {isa = PBXFileReference; lastKnownFileType = sourcecode.swift; path = Deck.swift; sourceTree = "<group>"; };
		492B5EFC2144D8AC0034A82D /* Poker.swift */ = {isa = PBXFileReference; lastKnownFileType = sourcecode.swift; path = Poker.swift; sourceTree = "<group>"; };
		4964A599234958F300BB2A27 /* PokerTabBarController.swift */ = {isa = PBXFileReference; lastKnownFileType = sourcecode.swift; path = PokerTabBarController.swift; sourceTree = "<group>"; };
		497641342347907700E22631 /* Poker+HandRanking.swift */ = {isa = PBXFileReference; lastKnownFileType = sourcecode.swift; path = "Poker+HandRanking.swift"; sourceTree = "<group>"; };
		497641372349469700E22631 /* StatsViewController.swift */ = {isa = PBXFileReference; lastKnownFileType = sourcecode.swift; path = StatsViewController.swift; sourceTree = "<group>"; };
		49C865362145979B00EC5CAA /* cardPokerTests.swift */ = {isa = PBXFileReference; lastKnownFileType = sourcecode.swift; path = cardPokerTests.swift; sourceTree = "<group>"; };
/* End PBXFileReference section */

/* Begin PBXFrameworksBuildPhase section */
		492B5ED42144D7A90034A82D /* Frameworks */ = {
			isa = PBXFrameworksBuildPhase;
			buildActionMask = 2147483647;
			files = (
			);
			runOnlyForDeploymentPostprocessing = 0;
		};
		492B5EE82144D7AB0034A82D /* Frameworks */ = {
			isa = PBXFrameworksBuildPhase;
			buildActionMask = 2147483647;
			files = (
			);
			runOnlyForDeploymentPostprocessing = 0;
		};
/* End PBXFrameworksBuildPhase section */

/* Begin PBXGroup section */
		492B5ECE2144D7A90034A82D = {
			isa = PBXGroup;
			children = (
				492B5ED92144D7A90034A82D /* cardDeck */,
				492B5EEE2144D7AB0034A82D /* cardDeckTests */,
				492B5ED82144D7A90034A82D /* Products */,
			);
			sourceTree = "<group>";
		};
		492B5ED82144D7A90034A82D /* Products */ = {
			isa = PBXGroup;
			children = (
				492B5ED72144D7A90034A82D /* cardDeck.app */,
				492B5EEB2144D7AB0034A82D /* cardDeckTests.xctest */,
			);
			name = Products;
			sourceTree = "<group>";
		};
		492B5ED92144D7A90034A82D /* cardDeck */ = {
			isa = PBXGroup;
			children = (
				492B5EDA2144D7A90034A82D /* AppDelegate.swift */,
				4964A599234958F300BB2A27 /* PokerTabBarController.swift */,
				492B5EDC2144D7A90034A82D /* PlayPokerViewController.swift */,
				497641372349469700E22631 /* StatsViewController.swift */,
				492B5EDE2144D7A90034A82D /* Main.storyboard */,
				492B5EE12144D7AB0034A82D /* Assets.xcassets */,
				492B5EE32144D7AB0034A82D /* LaunchScreen.storyboard */,
				492B5EE62144D7AB0034A82D /* Info.plist */,
				492B5EFA2144D7C70034A82D /* Deck.swift */,
				492B5EFC2144D8AC0034A82D /* Poker.swift */,
				497641342347907700E22631 /* Poker+HandRanking.swift */,
			);
			path = cardDeck;
			sourceTree = "<group>";
		};
		492B5EEE2144D7AB0034A82D /* cardDeckTests */ = {
			isa = PBXGroup;
			children = (
				492B5EEF2144D7AB0034A82D /* cardDeckTests.swift */,
				492B5EF12144D7AB0034A82D /* Info.plist */,
				49C865362145979B00EC5CAA /* cardPokerTests.swift */,
			);
			path = cardDeckTests;
			sourceTree = "<group>";
		};
/* End PBXGroup section */

/* Begin PBXNativeTarget section */
		492B5ED62144D7A90034A82D /* cardDeck */ = {
			isa = PBXNativeTarget;
			buildConfigurationList = 492B5EF42144D7AB0034A82D /* Build configuration list for PBXNativeTarget "cardDeck" */;
			buildPhases = (
				492B5ED32144D7A90034A82D /* Sources */,
				492B5ED42144D7A90034A82D /* Frameworks */,
				492B5ED52144D7A90034A82D /* Resources */,
			);
			buildRules = (
			);
			dependencies = (
			);
			name = cardDeck;
			productName = cardDeck;
			productReference = 492B5ED72144D7A90034A82D /* cardDeck.app */;
			productType = "com.apple.product-type.application";
		};
		492B5EEA2144D7AB0034A82D /* cardDeckTests */ = {
			isa = PBXNativeTarget;
			buildConfigurationList = 492B5EF72144D7AB0034A82D /* Build configuration list for PBXNativeTarget "cardDeckTests" */;
			buildPhases = (
				492B5EE72144D7AB0034A82D /* Sources */,
				492B5EE82144D7AB0034A82D /* Frameworks */,
				492B5EE92144D7AB0034A82D /* Resources */,
			);
			buildRules = (
			);
			dependencies = (
				492B5EED2144D7AB0034A82D /* PBXTargetDependency */,
			);
			name = cardDeckTests;
			productName = cardDeckTests;
			productReference = 492B5EEB2144D7AB0034A82D /* cardDeckTests.xctest */;
			productType = "com.apple.product-type.bundle.unit-test";
		};
/* End PBXNativeTarget section */

/* Begin PBXProject section */
		492B5ECF2144D7A90034A82D /* Project object */ = {
			isa = PBXProject;
			attributes = {
				LastSwiftUpdateCheck = 1000;
				LastUpgradeCheck = 1000;
				ORGANIZATIONNAME = "Marc Attinasi";
				TargetAttributes = {
					492B5ED62144D7A90034A82D = {
						CreatedOnToolsVersion = 10.0;
						LastSwiftMigration = 1100;
					};
					492B5EEA2144D7AB0034A82D = {
						CreatedOnToolsVersion = 10.0;
						LastSwiftMigration = 1100;
						TestTargetID = 492B5ED62144D7A90034A82D;
					};
				};
			};
			buildConfigurationList = 492B5ED22144D7A90034A82D /* Build configuration list for PBXProject "cardDeck" */;
			compatibilityVersion = "Xcode 11.0";
			developmentRegion = en;
			hasScannedForEncodings = 0;
			knownRegions = (
				en,
				Base,
			);
			mainGroup = 492B5ECE2144D7A90034A82D;
			productRefGroup = 492B5ED82144D7A90034A82D /* Products */;
			projectDirPath = "";
			projectRoot = "";
			targets = (
				492B5ED62144D7A90034A82D /* cardDeck */,
				492B5EEA2144D7AB0034A82D /* cardDeckTests */,
			);
		};
/* End PBXProject section */

/* Begin PBXResourcesBuildPhase section */
		492B5ED52144D7A90034A82D /* Resources */ = {
			isa = PBXResourcesBuildPhase;
			buildActionMask = 2147483647;
			files = (
				492B5EE52144D7AB0034A82D /* LaunchScreen.storyboard in Resources */,
				492B5EE22144D7AB0034A82D /* Assets.xcassets in Resources */,
				492B5EE02144D7A90034A82D /* Main.storyboard in Resources */,
			);
			runOnlyForDeploymentPostprocessing = 0;
		};
		492B5EE92144D7AB0034A82D /* Resources */ = {
			isa = PBXResourcesBuildPhase;
			buildActionMask = 2147483647;
			files = (
			);
			runOnlyForDeploymentPostprocessing = 0;
		};
/* End PBXResourcesBuildPhase section */

/* Begin PBXSourcesBuildPhase section */
		492B5ED32144D7A90034A82D /* Sources */ = {
			isa = PBXSourcesBuildPhase;
			buildActionMask = 2147483647;
			files = (
				497641352347907700E22631 /* Poker+HandRanking.swift in Sources */,
				492B5EFB2144D7C70034A82D /* Deck.swift in Sources */,
				492B5EDD2144D7A90034A82D /* PlayPokerViewController.swift in Sources */,
				492B5EDB2144D7A90034A82D /* AppDelegate.swift in Sources */,
				497641382349469700E22631 /* StatsViewController.swift in Sources */,
				4964A59A234958F300BB2A27 /* PokerTabBarController.swift in Sources */,
				492B5EFD2144D8AC0034A82D /* Poker.swift in Sources */,
			);
			runOnlyForDeploymentPostprocessing = 0;
		};
		492B5EE72144D7AB0034A82D /* Sources */ = {
			isa = PBXSourcesBuildPhase;
			buildActionMask = 2147483647;
			files = (
				4964A59C234A556000BB2A27 /* Poker.swift in Sources */,
				4964A59B234A555C00BB2A27 /* Deck.swift in Sources */,
				492B5EF02144D7AB0034A82D /* cardDeckTests.swift in Sources */,
				497641392349469700E22631 /* StatsViewController.swift in Sources */,
				49C865372145979B00EC5CAA /* cardPokerTests.swift in Sources */,
				4964A59D234A556400BB2A27 /* Poker+HandRanking.swift in Sources */,
			);
			runOnlyForDeploymentPostprocessing = 0;
		};
/* End PBXSourcesBuildPhase section */

/* Begin PBXTargetDependency section */
		492B5EED2144D7AB0034A82D /* PBXTargetDependency */ = {
			isa = PBXTargetDependency;
			target = 492B5ED62144D7A90034A82D /* cardDeck */;
			targetProxy = 492B5EEC2144D7AB0034A82D /* PBXContainerItemProxy */;
		};
/* End PBXTargetDependency section */

/* Begin PBXVariantGroup section */
		492B5EDE2144D7A90034A82D /* Main.storyboard */ = {
			isa = PBXVariantGroup;
			children = (
				492B5EDF2144D7A90034A82D /* Base */,
			);
			name = Main.storyboard;
			sourceTree = "<group>";
		};
		492B5EE32144D7AB0034A82D /* LaunchScreen.storyboard */ = {
			isa = PBXVariantGroup;
			children = (
				492B5EE42144D7AB0034A82D /* Base */,
			);
			name = LaunchScreen.storyboard;
			sourceTree = "<group>";
		};
/* End PBXVariantGroup section */

/* Begin XCBuildConfiguration section */
		492B5EF22144D7AB0034A82D /* Debug */ = {
			isa = XCBuildConfiguration;
			buildSettings = {
				ALWAYS_SEARCH_USER_PATHS = NO;
				CLANG_ANALYZER_NONNULL = YES;
				CLANG_ANALYZER_NUMBER_OBJECT_CONVERSION = YES_AGGRESSIVE;
				CLANG_CXX_LANGUAGE_STANDARD = "gnu++14";
				CLANG_CXX_LIBRARY = "libc++";
				CLANG_ENABLE_MODULES = YES;
				CLANG_ENABLE_OBJC_ARC = YES;
				CLANG_ENABLE_OBJC_WEAK = YES;
				CLANG_WARN_BLOCK_CAPTURE_AUTORELEASING = YES;
				CLANG_WARN_BOOL_CONVERSION = YES;
				CLANG_WARN_COMMA = YES;
				CLANG_WARN_CONSTANT_CONVERSION = YES;
				CLANG_WARN_DEPRECATED_OBJC_IMPLEMENTATIONS = YES;
				CLANG_WARN_DIRECT_OBJC_ISA_USAGE = YES_ERROR;
				CLANG_WARN_DOCUMENTATION_COMMENTS = YES;
				CLANG_WARN_EMPTY_BODY = YES;
				CLANG_WARN_ENUM_CONVERSION = YES;
				CLANG_WARN_INFINITE_RECURSION = YES;
				CLANG_WARN_INT_CONVERSION = YES;
				CLANG_WARN_NON_LITERAL_NULL_CONVERSION = YES;
				CLANG_WARN_OBJC_IMPLICIT_RETAIN_SELF = YES;
				CLANG_WARN_OBJC_LITERAL_CONVERSION = YES;
				CLANG_WARN_OBJC_ROOT_CLASS = YES_ERROR;
				CLANG_WARN_RANGE_LOOP_ANALYSIS = YES;
				CLANG_WARN_STRICT_PROTOTYPES = YES;
				CLANG_WARN_SUSPICIOUS_MOVE = YES;
				CLANG_WARN_UNGUARDED_AVAILABILITY = YES_AGGRESSIVE;
				CLANG_WARN_UNREACHABLE_CODE = YES;
				CLANG_WARN__DUPLICATE_METHOD_MATCH = YES;
				CODE_SIGN_IDENTITY = "iPhone Developer";
				COPY_PHASE_STRIP = NO;
				DEBUG_INFORMATION_FORMAT = dwarf;
				ENABLE_STRICT_OBJC_MSGSEND = YES;
				ENABLE_TESTABILITY = YES;
				GCC_C_LANGUAGE_STANDARD = gnu11;
				GCC_DYNAMIC_NO_PIC = NO;
				GCC_NO_COMMON_BLOCKS = YES;
				GCC_OPTIMIZATION_LEVEL = 0;
				GCC_PREPROCESSOR_DEFINITIONS = (
					"DEBUG=1",
					"$(inherited)",
				);
				GCC_WARN_64_TO_32_BIT_CONVERSION = YES;
				GCC_WARN_ABOUT_RETURN_TYPE = YES_ERROR;
				GCC_WARN_UNDECLARED_SELECTOR = YES;
				GCC_WARN_UNINITIALIZED_AUTOS = YES_AGGRESSIVE;
				GCC_WARN_UNUSED_FUNCTION = YES;
				GCC_WARN_UNUSED_VARIABLE = YES;
				IPHONEOS_DEPLOYMENT_TARGET = 13.0;
				MTL_ENABLE_DEBUG_INFO = INCLUDE_SOURCE;
				MTL_FAST_MATH = YES;
				ONLY_ACTIVE_ARCH = YES;
				SDKROOT = iphoneos;
				SWIFT_ACTIVE_COMPILATION_CONDITIONS = DEBUG;
				SWIFT_OPTIMIZATION_LEVEL = "-Onone";
			};
			name = Debug;
		};
		492B5EF32144D7AB0034A82D /* Release */ = {
			isa = XCBuildConfiguration;
			buildSettings = {
				ALWAYS_SEARCH_USER_PATHS = NO;
				CLANG_ANALYZER_NONNULL = YES;
				CLANG_ANALYZER_NUMBER_OBJECT_CONVERSION = YES_AGGRESSIVE;
				CLANG_CXX_LANGUAGE_STANDARD = "gnu++14";
				CLANG_CXX_LIBRARY = "libc++";
				CLANG_ENABLE_MODULES = YES;
				CLANG_ENABLE_OBJC_ARC = YES;
				CLANG_ENABLE_OBJC_WEAK = YES;
				CLANG_WARN_BLOCK_CAPTURE_AUTORELEASING = YES;
				CLANG_WARN_BOOL_CONVERSION = YES;
				CLANG_WARN_COMMA = YES;
				CLANG_WARN_CONSTANT_CONVERSION = YES;
				CLANG_WARN_DEPRECATED_OBJC_IMPLEMENTATIONS = YES;
				CLANG_WARN_DIRECT_OBJC_ISA_USAGE = YES_ERROR;
				CLANG_WARN_DOCUMENTATION_COMMENTS = YES;
				CLANG_WARN_EMPTY_BODY = YES;
				CLANG_WARN_ENUM_CONVERSION = YES;
				CLANG_WARN_INFINITE_RECURSION = YES;
				CLANG_WARN_INT_CONVERSION = YES;
				CLANG_WARN_NON_LITERAL_NULL_CONVERSION = YES;
				CLANG_WARN_OBJC_IMPLICIT_RETAIN_SELF = YES;
				CLANG_WARN_OBJC_LITERAL_CONVERSION = YES;
				CLANG_WARN_OBJC_ROOT_CLASS = YES_ERROR;
				CLANG_WARN_RANGE_LOOP_ANALYSIS = YES;
				CLANG_WARN_STRICT_PROTOTYPES = YES;
				CLANG_WARN_SUSPICIOUS_MOVE = YES;
				CLANG_WARN_UNGUARDED_AVAILABILITY = YES_AGGRESSIVE;
				CLANG_WARN_UNREACHABLE_CODE = YES;
				CLANG_WARN__DUPLICATE_METHOD_MATCH = YES;
				CODE_SIGN_IDENTITY = "iPhone Developer";
				COPY_PHASE_STRIP = NO;
				DEBUG_INFORMATION_FORMAT = "dwarf-with-dsym";
				ENABLE_NS_ASSERTIONS = NO;
				ENABLE_STRICT_OBJC_MSGSEND = YES;
				GCC_C_LANGUAGE_STANDARD = gnu11;
				GCC_NO_COMMON_BLOCKS = YES;
				GCC_WARN_64_TO_32_BIT_CONVERSION = YES;
				GCC_WARN_ABOUT_RETURN_TYPE = YES_ERROR;
				GCC_WARN_UNDECLARED_SELECTOR = YES;
				GCC_WARN_UNINITIALIZED_AUTOS = YES_AGGRESSIVE;
				GCC_WARN_UNUSED_FUNCTION = YES;
				GCC_WARN_UNUSED_VARIABLE = YES;
				IPHONEOS_DEPLOYMENT_TARGET = 13.0;
				MTL_ENABLE_DEBUG_INFO = NO;
				MTL_FAST_MATH = YES;
				SDKROOT = iphoneos;
				SWIFT_COMPILATION_MODE = wholemodule;
				SWIFT_OPTIMIZATION_LEVEL = "-O";
				VALIDATE_PRODUCT = YES;
			};
			name = Release;
		};
		492B5EF52144D7AB0034A82D /* Debug */ = {
			isa = XCBuildConfiguration;
			buildSettings = {
				ASSETCATALOG_COMPILER_APPICON_NAME = AppIcon;
				CODE_SIGN_STYLE = Automatic;
				DEVELOPMENT_TEAM = 8YYMBDTT4Z;
				INFOPLIST_FILE = cardDeck/Info.plist;
				IPHONEOS_DEPLOYMENT_TARGET = 13.0;
				LD_RUNPATH_SEARCH_PATHS = (
					"$(inherited)",
					"@executable_path/Frameworks",
				);
				PRODUCT_BUNDLE_IDENTIFIER = com.attinasi.cardDeck;
				PRODUCT_NAME = "$(TARGET_NAME)";
				SWIFT_VERSION = 5.0;
				TARGETED_DEVICE_FAMILY = "1,2";
			};
			name = Debug;
		};
		492B5EF62144D7AB0034A82D /* Release */ = {
			isa = XCBuildConfiguration;
			buildSettings = {
				ASSETCATALOG_COMPILER_APPICON_NAME = AppIcon;
				CODE_SIGN_STYLE = Automatic;
				DEVELOPMENT_TEAM = 8YYMBDTT4Z;
				INFOPLIST_FILE = cardDeck/Info.plist;
				IPHONEOS_DEPLOYMENT_TARGET = 13.0;
				LD_RUNPATH_SEARCH_PATHS = (
					"$(inherited)",
					"@executable_path/Frameworks",
				);
				PRODUCT_BUNDLE_IDENTIFIER = com.attinasi.cardDeck;
				PRODUCT_NAME = "$(TARGET_NAME)";
				SWIFT_VERSION = 5.0;
				TARGETED_DEVICE_FAMILY = "1,2";
			};
			name = Release;
		};
		492B5EF82144D7AB0034A82D /* Debug */ = {
			isa = XCBuildConfiguration;
			buildSettings = {
				ALWAYS_EMBED_SWIFT_STANDARD_LIBRARIES = YES;
				BUNDLE_LOADER = "$(TEST_HOST)";
				CODE_SIGN_STYLE = Automatic;
				INFOPLIST_FILE = cardDeckTests/Info.plist;
				LD_RUNPATH_SEARCH_PATHS = (
					"$(inherited)",
					"@executable_path/Frameworks",
					"@loader_path/Frameworks",
				);
				PRODUCT_BUNDLE_IDENTIFIER = com.attinasi.cardDeckTests;
				PRODUCT_NAME = "$(TARGET_NAME)";
				SWIFT_VERSION = 5.0;
				TARGETED_DEVICE_FAMILY = "1,2";
				TEST_HOST = "$(BUILT_PRODUCTS_DIR)/cardDeck.app/cardDeck";
			};
			name = Debug;
		};
		492B5EF92144D7AB0034A82D /* Release */ = {
			isa = XCBuildConfiguration;
			buildSettings = {
				ALWAYS_EMBED_SWIFT_STANDARD_LIBRARIES = YES;
				BUNDLE_LOADER = "$(TEST_HOST)";
				CODE_SIGN_STYLE = Automatic;
				INFOPLIST_FILE = cardDeckTests/Info.plist;
				LD_RUNPATH_SEARCH_PATHS = (
					"$(inherited)",
					"@executable_path/Frameworks",
					"@loader_path/Frameworks",
				);
				PRODUCT_BUNDLE_IDENTIFIER = com.attinasi.cardDeckTests;
				PRODUCT_NAME = "$(TARGET_NAME)";
				SWIFT_VERSION = 5.0;
				TARGETED_DEVICE_FAMILY = "1,2";
				TEST_HOST = "$(BUILT_PRODUCTS_DIR)/cardDeck.app/cardDeck";
			};
			name = Release;
		};
/* End XCBuildConfiguration section */

/* Begin XCConfigurationList section */
		492B5ED22144D7A90034A82D /* Build configuration list for PBXProject "cardDeck" */ = {
			isa = XCConfigurationList;
			buildConfigurations = (
				492B5EF22144D7AB0034A82D /* Debug */,
				492B5EF32144D7AB0034A82D /* Release */,
			);
			defaultConfigurationIsVisible = 0;
			defaultConfigurationName = Release;
		};
		492B5EF42144D7AB0034A82D /* Build configuration list for PBXNativeTarget "cardDeck" */ = {
			isa = XCConfigurationList;
			buildConfigurations = (
				492B5EF52144D7AB0034A82D /* Debug */,
				492B5EF62144D7AB0034A82D /* Release */,
			);
			defaultConfigurationIsVisible = 0;
			defaultConfigurationName = Release;
		};
		492B5EF72144D7AB0034A82D /* Build configuration list for PBXNativeTarget "cardDeckTests" */ = {
			isa = XCConfigurationList;
			buildConfigurations = (
				492B5EF82144D7AB0034A82D /* Debug */,
				492B5EF92144D7AB0034A82D /* Release */,
			);
			defaultConfigurationIsVisible = 0;
			defaultConfigurationName = Release;
		};
/* End XCConfigurationList section */
	};
	rootObject = 492B5ECF2144D7A90034A82D /* Project object */;
}
